// !$*UTF8*$!
{
	archiveVersion = 1;
	classes = {
	};
	objectVersion = 55;
	objects = {

/* Begin PBXBuildFile section */
		C0CB903D005106C47A311E5A /* Pods_kirkim_App.framework in Frameworks */ = {isa = PBXBuildFile; fileRef = 46B190628E8B765E7AE2F36C /* Pods_kirkim_App.framework */; };
		FE078F1B27C34C7E00D19E34 /* SimpleProfileView.swift in Sources */ = {isa = PBXBuildFile; fileRef = FE078F1A27C34C7E00D19E34 /* SimpleProfileView.swift */; };
		FE078F1D27C353A900D19E34 /* SideMenu.storyboard in Resources */ = {isa = PBXBuildFile; fileRef = FE078F1C27C353A900D19E34 /* SideMenu.storyboard */; };
		FE078F1F27C353B500D19E34 /* SideMenuVC.swift in Sources */ = {isa = PBXBuildFile; fileRef = FE078F1E27C353B500D19E34 /* SideMenuVC.swift */; };
		FE078F2F27C3634B00D19E34 /* SideMenuHeaderView.swift in Sources */ = {isa = PBXBuildFile; fileRef = FE078F2E27C3634B00D19E34 /* SideMenuHeaderView.swift */; };
		FE078F3727C3737200D19E34 /* SizeMaster.swift in Sources */ = {isa = PBXBuildFile; fileRef = FE078F3627C3737200D19E34 /* SizeMaster.swift */; };
		FE18A28527C5C2D100E56F39 /* BannerView.swift in Sources */ = {isa = PBXBuildFile; fileRef = FE18A28427C5C2D100E56F39 /* BannerView.swift */; };
		FE18A28727C5CA4F00E56F39 /* BannerImageModel.swift in Sources */ = {isa = PBXBuildFile; fileRef = FE18A28627C5CA4F00E56F39 /* BannerImageModel.swift */; };
		FE18A28927C5DE9B00E56F39 /* BannerHttpManager.swift in Sources */ = {isa = PBXBuildFile; fileRef = FE18A28827C5DE9B00E56F39 /* BannerHttpManager.swift */; };
		FE2067EF27BCFDC7005EBEB5 /* KeyboardAnimation.swift in Sources */ = {isa = PBXBuildFile; fileRef = FE2067EE27BCFDC7005EBEB5 /* KeyboardAnimation.swift */; };
		FE21132A27BCA6AE003293B2 /* HttpClient.swift in Sources */ = {isa = PBXBuildFile; fileRef = FE21132927BCA6AE003293B2 /* HttpClient.swift */; };
		FE21132C27BCC0A2003293B2 /* LoginUserModel.swift in Sources */ = {isa = PBXBuildFile; fileRef = FE21132B27BCC0A2003293B2 /* LoginUserModel.swift */; };
		FE21133127BCD095003293B2 /* SignUpPageVC.swift in Sources */ = {isa = PBXBuildFile; fileRef = FE21133027BCD095003293B2 /* SignUpPageVC.swift */; };
		FE2BD69127CDC9C400A9FB73 /* MainVC.swift in Sources */ = {isa = PBXBuildFile; fileRef = FE2BD68F27CDC9C400A9FB73 /* MainVC.swift */; };
		FE2BD69227CDC9C400A9FB73 /* MainVC.xib in Resources */ = {isa = PBXBuildFile; fileRef = FE2BD69027CDC9C400A9FB73 /* MainVC.xib */; };
		FE2BD69727CDD34400A9FB73 /* KiflixCollectionCell.swift in Sources */ = {isa = PBXBuildFile; fileRef = FE2BD69527CDD34400A9FB73 /* KiflixCollectionCell.swift */; };
		FE2BD69827CDD34400A9FB73 /* KiflixCollectionCell.xib in Resources */ = {isa = PBXBuildFile; fileRef = FE2BD69627CDD34400A9FB73 /* KiflixCollectionCell.xib */; };
		FE2BD69A27CDD53B00A9FB73 /* LoginPageVC.xib in Resources */ = {isa = PBXBuildFile; fileRef = FE2BD69927CDD53B00A9FB73 /* LoginPageVC.xib */; };
		FE2FE4BC27CE086C004B8871 /* KiflixCollectionView.swift in Sources */ = {isa = PBXBuildFile; fileRef = FE2FE4BB27CE086C004B8871 /* KiflixCollectionView.swift */; };
		FE3CCB8727D1CB2B00D770F8 /* DescriptionView.xib in Resources */ = {isa = PBXBuildFile; fileRef = FE3CCB8627D1CB2B00D770F8 /* DescriptionView.xib */; };
		FE3EA96527BB751800DA36EA /* TextAnimation.swift in Sources */ = {isa = PBXBuildFile; fileRef = FE3EA96427BB751800DA36EA /* TextAnimation.swift */; };
		FE3EA96727BB8AC100DA36EA /* SimpleTextField.swift in Sources */ = {isa = PBXBuildFile; fileRef = FE3EA96627BB8AC100DA36EA /* SimpleTextField.swift */; };
		FE46F4F627D1AD6500DB31EE /* DescriptionView.swift in Sources */ = {isa = PBXBuildFile; fileRef = FE46F4F527D1AD6500DB31EE /* DescriptionView.swift */; };
		FE47CACC27C0C5570077806D /* SignupUserModel.swift in Sources */ = {isa = PBXBuildFile; fileRef = FE47CACB27C0C5570077806D /* SignupUserModel.swift */; };
		FE47CAD027C114210077806D /* UserHttpManager.swift in Sources */ = {isa = PBXBuildFile; fileRef = FE47CACF27C114210077806D /* UserHttpManager.swift */; };
		FE57F23B27CF29C000B205F9 /* KiflixDetailVC.swift in Sources */ = {isa = PBXBuildFile; fileRef = FE57F23927CF29C000B205F9 /* KiflixDetailVC.swift */; };
		FE57F23C27CF29C000B205F9 /* KiflixDetailVC.xib in Resources */ = {isa = PBXBuildFile; fileRef = FE57F23A27CF29C000B205F9 /* KiflixDetailVC.xib */; };
		FE57F23E27CF2ACF00B205F9 /* extension+AVPlayer.swift in Sources */ = {isa = PBXBuildFile; fileRef = FE57F23D27CF2ACF00B205F9 /* extension+AVPlayer.swift */; };
		FE74FE9427CDA82D00F40D5F /* BaseVC.swift in Sources */ = {isa = PBXBuildFile; fileRef = FE74FE9327CDA82D00F40D5F /* BaseVC.swift */; };
		FE74FEAC27CDBCA100F40D5F /* KiflixVC.swift in Sources */ = {isa = PBXBuildFile; fileRef = FE74FEAA27CDBCA100F40D5F /* KiflixVC.swift */; };
		FE74FEAD27CDBCA100F40D5F /* KiflixVC.xib in Resources */ = {isa = PBXBuildFile; fileRef = FE74FEAB27CDBCA100F40D5F /* KiflixVC.xib */; };
		FE74FEAF27CDBDDE00F40D5F /* MainTabBarController.swift in Sources */ = {isa = PBXBuildFile; fileRef = FE74FEAE27CDBDDE00F40D5F /* MainTabBarController.swift */; };
		FE7FC0C627C48581009EB2AE /* SideMenuModel.swift in Sources */ = {isa = PBXBuildFile; fileRef = FE7FC0C527C48581009EB2AE /* SideMenuModel.swift */; };
		FE7FC0CD27C48F22009EB2AE /* TestView1-1.swift in Sources */ = {isa = PBXBuildFile; fileRef = FE7FC0CB27C48F22009EB2AE /* TestView1-1.swift */; };
		FE7FC0CE27C48F22009EB2AE /* TestView1-1.xib in Resources */ = {isa = PBXBuildFile; fileRef = FE7FC0CC27C48F22009EB2AE /* TestView1-1.xib */; };
		FE7FC0D127C48F31009EB2AE /* TestView1-2.swift in Sources */ = {isa = PBXBuildFile; fileRef = FE7FC0CF27C48F31009EB2AE /* TestView1-2.swift */; };
		FE7FC0D227C48F31009EB2AE /* TestView1-2.xib in Resources */ = {isa = PBXBuildFile; fileRef = FE7FC0D027C48F31009EB2AE /* TestView1-2.xib */; };
		FE7FC0D527C48F3F009EB2AE /* TestView2-1.swift in Sources */ = {isa = PBXBuildFile; fileRef = FE7FC0D327C48F3F009EB2AE /* TestView2-1.swift */; };
		FE7FC0D627C48F3F009EB2AE /* TestView2-1.xib in Resources */ = {isa = PBXBuildFile; fileRef = FE7FC0D427C48F3F009EB2AE /* TestView2-1.xib */; };
		FE7FC0D927C48F4F009EB2AE /* TestView3-1.swift in Sources */ = {isa = PBXBuildFile; fileRef = FE7FC0D727C48F4F009EB2AE /* TestView3-1.swift */; };
		FE7FC0DA27C48F4F009EB2AE /* TestView3-1.xib in Resources */ = {isa = PBXBuildFile; fileRef = FE7FC0D827C48F4F009EB2AE /* TestView3-1.xib */; };
		FE7FC0E427C4AE90009EB2AE /* SideMenuCell.swift in Sources */ = {isa = PBXBuildFile; fileRef = FE7FC0E327C4AE90009EB2AE /* SideMenuCell.swift */; };
		FE84E49627D0666600B30F57 /* KiflixPlayer.swift in Sources */ = {isa = PBXBuildFile; fileRef = FE84E49527D0666600B30F57 /* KiflixPlayer.swift */; };
		FE84E49927D06B5000B30F57 /* FullScreenPlayerVC.swift in Sources */ = {isa = PBXBuildFile; fileRef = FE84E49727D06B5000B30F57 /* FullScreenPlayerVC.swift */; };
		FE84E49A27D06B5000B30F57 /* FullScreenPlayerVC.xib in Resources */ = {isa = PBXBuildFile; fileRef = FE84E49827D06B5000B30F57 /* FullScreenPlayerVC.xib */; };
		FE84E49D27D0718000B30F57 /* KiflixPlayerVC.swift in Sources */ = {isa = PBXBuildFile; fileRef = FE84E49B27D0718000B30F57 /* KiflixPlayerVC.swift */; };
		FE84E49E27D0718000B30F57 /* KiflixPlayerVC.xib in Resources */ = {isa = PBXBuildFile; fileRef = FE84E49C27D0718000B30F57 /* KiflixPlayerVC.xib */; };
		FE84E4A027D07F1C00B30F57 /* PlayerView.swift in Sources */ = {isa = PBXBuildFile; fileRef = FE84E49F27D07F1C00B30F57 /* PlayerView.swift */; };
		FE94DD6527B655190017D776 /* AppDelegate.swift in Sources */ = {isa = PBXBuildFile; fileRef = FE94DD6427B655190017D776 /* AppDelegate.swift */; };
		FE94DD6727B655190017D776 /* SceneDelegate.swift in Sources */ = {isa = PBXBuildFile; fileRef = FE94DD6627B655190017D776 /* SceneDelegate.swift */; };
		FE94DD6C27B655190017D776 /* Main.storyboard in Resources */ = {isa = PBXBuildFile; fileRef = FE94DD6A27B655190017D776 /* Main.storyboard */; };
		FE94DD6F27B655190017D776 /* kirkim_App.xcdatamodeld in Sources */ = {isa = PBXBuildFile; fileRef = FE94DD6D27B655190017D776 /* kirkim_App.xcdatamodeld */; };
		FE94DD7127B655190017D776 /* Assets.xcassets in Resources */ = {isa = PBXBuildFile; fileRef = FE94DD7027B655190017D776 /* Assets.xcassets */; };
		FE94DD7427B655190017D776 /* LaunchScreen.storyboard in Resources */ = {isa = PBXBuildFile; fileRef = FE94DD7227B655190017D776 /* LaunchScreen.storyboard */; };
		FEBA011327CDD5D700E74FCB /* SignUpPageVC.xib in Resources */ = {isa = PBXBuildFile; fileRef = FEBA011227CDD5D700E74FCB /* SignUpPageVC.xib */; };
		FEBA011527CDDC5B00E74FCB /* KiflixModel.swift in Sources */ = {isa = PBXBuildFile; fileRef = FEBA011427CDDC5B00E74FCB /* KiflixModel.swift */; };
		FEBA011727CDE08300E74FCB /* KiflixHttpManager.swift in Sources */ = {isa = PBXBuildFile; fileRef = FEBA011627CDE08300E74FCB /* KiflixHttpManager.swift */; };
		FEF8848727BA5C7E0038F138 /* LoginPageVC.swift in Sources */ = {isa = PBXBuildFile; fileRef = FEF8848627BA5C7E0038F138 /* LoginPageVC.swift */; };
/* End PBXBuildFile section */

/* Begin PBXFileReference section */
		46B190628E8B765E7AE2F36C /* Pods_kirkim_App.framework */ = {isa = PBXFileReference; explicitFileType = wrapper.framework; includeInIndex = 0; path = Pods_kirkim_App.framework; sourceTree = BUILT_PRODUCTS_DIR; };
		51943665D1D5FF902C4A3F92 /* Pods-kirkim_App.release.xcconfig */ = {isa = PBXFileReference; includeInIndex = 1; lastKnownFileType = text.xcconfig; name = "Pods-kirkim_App.release.xcconfig"; path = "Target Support Files/Pods-kirkim_App/Pods-kirkim_App.release.xcconfig"; sourceTree = "<group>"; };
		831839DF6FBFB73F7066EF59 /* Pods-kirkim_App.debug.xcconfig */ = {isa = PBXFileReference; includeInIndex = 1; lastKnownFileType = text.xcconfig; name = "Pods-kirkim_App.debug.xcconfig"; path = "Target Support Files/Pods-kirkim_App/Pods-kirkim_App.debug.xcconfig"; sourceTree = "<group>"; };
		FE078F1A27C34C7E00D19E34 /* SimpleProfileView.swift */ = {isa = PBXFileReference; lastKnownFileType = sourcecode.swift; path = SimpleProfileView.swift; sourceTree = "<group>"; };
		FE078F1C27C353A900D19E34 /* SideMenu.storyboard */ = {isa = PBXFileReference; lastKnownFileType = file.storyboard; path = SideMenu.storyboard; sourceTree = "<group>"; };
		FE078F1E27C353B500D19E34 /* SideMenuVC.swift */ = {isa = PBXFileReference; lastKnownFileType = sourcecode.swift; path = SideMenuVC.swift; sourceTree = "<group>"; };
		FE078F2E27C3634B00D19E34 /* SideMenuHeaderView.swift */ = {isa = PBXFileReference; lastKnownFileType = sourcecode.swift; path = SideMenuHeaderView.swift; sourceTree = "<group>"; };
		FE078F3627C3737200D19E34 /* SizeMaster.swift */ = {isa = PBXFileReference; lastKnownFileType = sourcecode.swift; path = SizeMaster.swift; sourceTree = "<group>"; };
		FE18A28427C5C2D100E56F39 /* BannerView.swift */ = {isa = PBXFileReference; lastKnownFileType = sourcecode.swift; path = BannerView.swift; sourceTree = "<group>"; };
		FE18A28627C5CA4F00E56F39 /* BannerImageModel.swift */ = {isa = PBXFileReference; lastKnownFileType = sourcecode.swift; path = BannerImageModel.swift; sourceTree = "<group>"; };
		FE18A28827C5DE9B00E56F39 /* BannerHttpManager.swift */ = {isa = PBXFileReference; lastKnownFileType = sourcecode.swift; path = BannerHttpManager.swift; sourceTree = "<group>"; };
		FE2067EE27BCFDC7005EBEB5 /* KeyboardAnimation.swift */ = {isa = PBXFileReference; lastKnownFileType = sourcecode.swift; path = KeyboardAnimation.swift; sourceTree = "<group>"; };
		FE21132927BCA6AE003293B2 /* HttpClient.swift */ = {isa = PBXFileReference; lastKnownFileType = sourcecode.swift; path = HttpClient.swift; sourceTree = "<group>"; };
		FE21132B27BCC0A2003293B2 /* LoginUserModel.swift */ = {isa = PBXFileReference; lastKnownFileType = sourcecode.swift; path = LoginUserModel.swift; sourceTree = "<group>"; };
		FE21133027BCD095003293B2 /* SignUpPageVC.swift */ = {isa = PBXFileReference; lastKnownFileType = sourcecode.swift; path = SignUpPageVC.swift; sourceTree = "<group>"; };
		FE2BD68F27CDC9C400A9FB73 /* MainVC.swift */ = {isa = PBXFileReference; lastKnownFileType = sourcecode.swift; path = MainVC.swift; sourceTree = "<group>"; };
		FE2BD69027CDC9C400A9FB73 /* MainVC.xib */ = {isa = PBXFileReference; lastKnownFileType = file.xib; path = MainVC.xib; sourceTree = "<group>"; };
		FE2BD69527CDD34400A9FB73 /* KiflixCollectionCell.swift */ = {isa = PBXFileReference; lastKnownFileType = sourcecode.swift; path = KiflixCollectionCell.swift; sourceTree = "<group>"; };
		FE2BD69627CDD34400A9FB73 /* KiflixCollectionCell.xib */ = {isa = PBXFileReference; lastKnownFileType = file.xib; path = KiflixCollectionCell.xib; sourceTree = "<group>"; };
		FE2BD69927CDD53B00A9FB73 /* LoginPageVC.xib */ = {isa = PBXFileReference; lastKnownFileType = file.xib; path = LoginPageVC.xib; sourceTree = "<group>"; };
		FE2FE4BB27CE086C004B8871 /* KiflixCollectionView.swift */ = {isa = PBXFileReference; lastKnownFileType = sourcecode.swift; path = KiflixCollectionView.swift; sourceTree = "<group>"; };
		FE3CCB8627D1CB2B00D770F8 /* DescriptionView.xib */ = {isa = PBXFileReference; lastKnownFileType = file.xib; path = DescriptionView.xib; sourceTree = "<group>"; };
		FE3EA96427BB751800DA36EA /* TextAnimation.swift */ = {isa = PBXFileReference; lastKnownFileType = sourcecode.swift; path = TextAnimation.swift; sourceTree = "<group>"; };
		FE3EA96627BB8AC100DA36EA /* SimpleTextField.swift */ = {isa = PBXFileReference; lastKnownFileType = sourcecode.swift; path = SimpleTextField.swift; sourceTree = "<group>"; };
		FE46F4F527D1AD6500DB31EE /* DescriptionView.swift */ = {isa = PBXFileReference; lastKnownFileType = sourcecode.swift; path = DescriptionView.swift; sourceTree = "<group>"; };
		FE47CACB27C0C5570077806D /* SignupUserModel.swift */ = {isa = PBXFileReference; lastKnownFileType = sourcecode.swift; path = SignupUserModel.swift; sourceTree = "<group>"; };
		FE47CACF27C114210077806D /* UserHttpManager.swift */ = {isa = PBXFileReference; lastKnownFileType = sourcecode.swift; path = UserHttpManager.swift; sourceTree = "<group>"; };
		FE57F23927CF29C000B205F9 /* KiflixDetailVC.swift */ = {isa = PBXFileReference; lastKnownFileType = sourcecode.swift; path = KiflixDetailVC.swift; sourceTree = "<group>"; };
		FE57F23A27CF29C000B205F9 /* KiflixDetailVC.xib */ = {isa = PBXFileReference; lastKnownFileType = file.xib; path = KiflixDetailVC.xib; sourceTree = "<group>"; };
		FE57F23D27CF2ACF00B205F9 /* extension+AVPlayer.swift */ = {isa = PBXFileReference; lastKnownFileType = sourcecode.swift; path = "extension+AVPlayer.swift"; sourceTree = "<group>"; };
		FE74FE9327CDA82D00F40D5F /* BaseVC.swift */ = {isa = PBXFileReference; lastKnownFileType = sourcecode.swift; path = BaseVC.swift; sourceTree = "<group>"; };
		FE74FEAA27CDBCA100F40D5F /* KiflixVC.swift */ = {isa = PBXFileReference; lastKnownFileType = sourcecode.swift; path = KiflixVC.swift; sourceTree = "<group>"; };
		FE74FEAB27CDBCA100F40D5F /* KiflixVC.xib */ = {isa = PBXFileReference; lastKnownFileType = file.xib; path = KiflixVC.xib; sourceTree = "<group>"; };
		FE74FEAE27CDBDDE00F40D5F /* MainTabBarController.swift */ = {isa = PBXFileReference; lastKnownFileType = sourcecode.swift; path = MainTabBarController.swift; sourceTree = "<group>"; };
		FE7FC0C527C48581009EB2AE /* SideMenuModel.swift */ = {isa = PBXFileReference; lastKnownFileType = sourcecode.swift; path = SideMenuModel.swift; sourceTree = "<group>"; };
		FE7FC0CB27C48F22009EB2AE /* TestView1-1.swift */ = {isa = PBXFileReference; lastKnownFileType = sourcecode.swift; path = "TestView1-1.swift"; sourceTree = "<group>"; };
		FE7FC0CC27C48F22009EB2AE /* TestView1-1.xib */ = {isa = PBXFileReference; lastKnownFileType = file.xib; path = "TestView1-1.xib"; sourceTree = "<group>"; };
		FE7FC0CF27C48F31009EB2AE /* TestView1-2.swift */ = {isa = PBXFileReference; lastKnownFileType = sourcecode.swift; path = "TestView1-2.swift"; sourceTree = "<group>"; };
		FE7FC0D027C48F31009EB2AE /* TestView1-2.xib */ = {isa = PBXFileReference; lastKnownFileType = file.xib; path = "TestView1-2.xib"; sourceTree = "<group>"; };
		FE7FC0D327C48F3F009EB2AE /* TestView2-1.swift */ = {isa = PBXFileReference; lastKnownFileType = sourcecode.swift; path = "TestView2-1.swift"; sourceTree = "<group>"; };
		FE7FC0D427C48F3F009EB2AE /* TestView2-1.xib */ = {isa = PBXFileReference; lastKnownFileType = file.xib; path = "TestView2-1.xib"; sourceTree = "<group>"; };
		FE7FC0D727C48F4F009EB2AE /* TestView3-1.swift */ = {isa = PBXFileReference; lastKnownFileType = sourcecode.swift; path = "TestView3-1.swift"; sourceTree = "<group>"; };
		FE7FC0D827C48F4F009EB2AE /* TestView3-1.xib */ = {isa = PBXFileReference; lastKnownFileType = file.xib; path = "TestView3-1.xib"; sourceTree = "<group>"; };
		FE7FC0E327C4AE90009EB2AE /* SideMenuCell.swift */ = {isa = PBXFileReference; lastKnownFileType = sourcecode.swift; path = SideMenuCell.swift; sourceTree = "<group>"; };
		FE84E49527D0666600B30F57 /* KiflixPlayer.swift */ = {isa = PBXFileReference; lastKnownFileType = sourcecode.swift; path = KiflixPlayer.swift; sourceTree = "<group>"; };
		FE84E49727D06B5000B30F57 /* FullScreenPlayerVC.swift */ = {isa = PBXFileReference; lastKnownFileType = sourcecode.swift; path = FullScreenPlayerVC.swift; sourceTree = "<group>"; };
		FE84E49827D06B5000B30F57 /* FullScreenPlayerVC.xib */ = {isa = PBXFileReference; lastKnownFileType = file.xib; path = FullScreenPlayerVC.xib; sourceTree = "<group>"; };
		FE84E49B27D0718000B30F57 /* KiflixPlayerVC.swift */ = {isa = PBXFileReference; lastKnownFileType = sourcecode.swift; path = KiflixPlayerVC.swift; sourceTree = "<group>"; };
		FE84E49C27D0718000B30F57 /* KiflixPlayerVC.xib */ = {isa = PBXFileReference; lastKnownFileType = file.xib; path = KiflixPlayerVC.xib; sourceTree = "<group>"; };
		FE84E49F27D07F1C00B30F57 /* PlayerView.swift */ = {isa = PBXFileReference; lastKnownFileType = sourcecode.swift; path = PlayerView.swift; sourceTree = "<group>"; };
		FE94DD6127B655190017D776 /* kirkim_App.app */ = {isa = PBXFileReference; explicitFileType = wrapper.application; includeInIndex = 0; path = kirkim_App.app; sourceTree = BUILT_PRODUCTS_DIR; };
		FE94DD6427B655190017D776 /* AppDelegate.swift */ = {isa = PBXFileReference; lastKnownFileType = sourcecode.swift; path = AppDelegate.swift; sourceTree = "<group>"; };
		FE94DD6627B655190017D776 /* SceneDelegate.swift */ = {isa = PBXFileReference; lastKnownFileType = sourcecode.swift; path = SceneDelegate.swift; sourceTree = "<group>"; };
		FE94DD6B27B655190017D776 /* Base */ = {isa = PBXFileReference; lastKnownFileType = file.storyboard; name = Base; path = Base.lproj/Main.storyboard; sourceTree = "<group>"; };
		FE94DD6E27B655190017D776 /* kirkim_App.xcdatamodel */ = {isa = PBXFileReference; lastKnownFileType = wrapper.xcdatamodel; path = kirkim_App.xcdatamodel; sourceTree = "<group>"; };
		FE94DD7027B655190017D776 /* Assets.xcassets */ = {isa = PBXFileReference; lastKnownFileType = folder.assetcatalog; path = Assets.xcassets; sourceTree = "<group>"; };
		FE94DD7327B655190017D776 /* Base */ = {isa = PBXFileReference; lastKnownFileType = file.storyboard; name = Base; path = Base.lproj/LaunchScreen.storyboard; sourceTree = "<group>"; };
		FE94DD7527B655190017D776 /* Info.plist */ = {isa = PBXFileReference; lastKnownFileType = text.plist.xml; path = Info.plist; sourceTree = "<group>"; };
		FEBA011227CDD5D700E74FCB /* SignUpPageVC.xib */ = {isa = PBXFileReference; lastKnownFileType = file.xib; path = SignUpPageVC.xib; sourceTree = "<group>"; };
		FEBA011427CDDC5B00E74FCB /* KiflixModel.swift */ = {isa = PBXFileReference; lastKnownFileType = sourcecode.swift; path = KiflixModel.swift; sourceTree = "<group>"; };
		FEBA011627CDE08300E74FCB /* KiflixHttpManager.swift */ = {isa = PBXFileReference; lastKnownFileType = sourcecode.swift; path = KiflixHttpManager.swift; sourceTree = "<group>"; };
		FEF8848627BA5C7E0038F138 /* LoginPageVC.swift */ = {isa = PBXFileReference; lastKnownFileType = sourcecode.swift; path = LoginPageVC.swift; sourceTree = "<group>"; };
/* End PBXFileReference section */

/* Begin PBXFrameworksBuildPhase section */
		FE94DD5E27B655190017D776 /* Frameworks */ = {
			isa = PBXFrameworksBuildPhase;
			buildActionMask = 2147483647;
			files = (
				C0CB903D005106C47A311E5A /* Pods_kirkim_App.framework in Frameworks */,
			);
			runOnlyForDeploymentPostprocessing = 0;
		};
/* End PBXFrameworksBuildPhase section */

/* Begin PBXGroup section */
		2173D3EA1D3E7AFE07428FB0 /* Pods */ = {
			isa = PBXGroup;
			children = (
				831839DF6FBFB73F7066EF59 /* Pods-kirkim_App.debug.xcconfig */,
				51943665D1D5FF902C4A3F92 /* Pods-kirkim_App.release.xcconfig */,
			);
			path = Pods;
			sourceTree = "<group>";
		};
		35A37BE357A93052ED238E1F /* Frameworks */ = {
			isa = PBXGroup;
			children = (
				46B190628E8B765E7AE2F36C /* Pods_kirkim_App.framework */,
			);
			name = Frameworks;
			sourceTree = "<group>";
		};
		FE078F1227C341D100D19E34 /* SideMenu */ = {
			isa = PBXGroup;
			children = (
				FE7FC0DF27C4ACE3009EB2AE /* Header */,
				FE7FC0C727C48966009EB2AE /* SideMenuSubView */,
				FE078F1C27C353A900D19E34 /* SideMenu.storyboard */,
				FE078F1E27C353B500D19E34 /* SideMenuVC.swift */,
				FE7FC0C527C48581009EB2AE /* SideMenuModel.swift */,
				FE7FC0E327C4AE90009EB2AE /* SideMenuCell.swift */,
			);
			path = SideMenu;
			sourceTree = "<group>";
		};
		FE078F1927C34C5000D19E34 /* CustomUI */ = {
			isa = PBXGroup;
			children = (
				FE078F3627C3737200D19E34 /* SizeMaster.swift */,
				FE3EA96627BB8AC100DA36EA /* SimpleTextField.swift */,
				FE078F1A27C34C7E00D19E34 /* SimpleProfileView.swift */,
				FE21133227BCDD87003293B2 /* Animation */,
			);
			path = CustomUI;
			sourceTree = "<group>";
		};
		FE18A27F27C5BE6F00E56F39 /* BannerView */ = {
			isa = PBXGroup;
			children = (
				FE18A28427C5C2D100E56F39 /* BannerView.swift */,
				FE18A28627C5CA4F00E56F39 /* BannerImageModel.swift */,
			);
			path = BannerView;
			sourceTree = "<group>";
		};
		FE21132827BCA630003293B2 /* Http */ = {
			isa = PBXGroup;
			children = (
				FE21132927BCA6AE003293B2 /* HttpClient.swift */,
				FE47CACF27C114210077806D /* UserHttpManager.swift */,
				FE18A28827C5DE9B00E56F39 /* BannerHttpManager.swift */,
				FEBA011627CDE08300E74FCB /* KiflixHttpManager.swift */,
			);
			path = Http;
			sourceTree = "<group>";
		};
		FE21133227BCDD87003293B2 /* Animation */ = {
			isa = PBXGroup;
			children = (
				FE3EA96427BB751800DA36EA /* TextAnimation.swift */,
				FE2067EE27BCFDC7005EBEB5 /* KeyboardAnimation.swift */,
			);
			path = Animation;
			sourceTree = "<group>";
		};
		FE3CCB8827D1D73C00D770F8 /* Description */ = {
			isa = PBXGroup;
			children = (
				FE46F4F527D1AD6500DB31EE /* DescriptionView.swift */,
				FE3CCB8627D1CB2B00D770F8 /* DescriptionView.xib */,
			);
			path = Description;
			sourceTree = "<group>";
		};
		FE47CACD27C0C8110077806D /* Login */ = {
			isa = PBXGroup;
			children = (
				FEF8848627BA5C7E0038F138 /* LoginPageVC.swift */,
				FE21132B27BCC0A2003293B2 /* LoginUserModel.swift */,
				FE2BD69927CDD53B00A9FB73 /* LoginPageVC.xib */,
			);
			path = Login;
			sourceTree = "<group>";
		};
		FE47CACE27C0C8410077806D /* SignUp */ = {
			isa = PBXGroup;
			children = (
				FE21133027BCD095003293B2 /* SignUpPageVC.swift */,
				FE47CACB27C0C5570077806D /* SignupUserModel.swift */,
				FEBA011227CDD5D700E74FCB /* SignUpPageVC.xib */,
			);
			path = SignUp;
			sourceTree = "<group>";
		};
		FE57F23627CF24B100B205F9 /* DetailView */ = {
			isa = PBXGroup;
			children = (
				FE57F23927CF29C000B205F9 /* KiflixDetailVC.swift */,
				FE57F23A27CF29C000B205F9 /* KiflixDetailVC.xib */,
				FE84E4A127D082AF00B30F57 /* Player */,
				FE3CCB8827D1D73C00D770F8 /* Description */,
			);
			path = DetailView;
			sourceTree = "<group>";
		};
		FE74FEB427CDC3F900F40D5F /* TabBarMenu */ = {
			isa = PBXGroup;
			children = (
				FE74FE9327CDA82D00F40D5F /* BaseVC.swift */,
				FE74FEB527CDC41400F40D5F /* FirstItem-Main */,
				FE74FEB627CDC43600F40D5F /* SecondItem-Kiflix */,
			);
			path = TabBarMenu;
			sourceTree = "<group>";
		};
		FE74FEB527CDC41400F40D5F /* FirstItem-Main */ = {
			isa = PBXGroup;
			children = (
				FE2BD68F27CDC9C400A9FB73 /* MainVC.swift */,
				FE2BD69027CDC9C400A9FB73 /* MainVC.xib */,
			);
			path = "FirstItem-Main";
			sourceTree = "<group>";
		};
		FE74FEB627CDC43600F40D5F /* SecondItem-Kiflix */ = {
			isa = PBXGroup;
			children = (
				FE57F23627CF24B100B205F9 /* DetailView */,
				FE74FEAA27CDBCA100F40D5F /* KiflixVC.swift */,
				FE74FEAB27CDBCA100F40D5F /* KiflixVC.xib */,
				FE2FE4BB27CE086C004B8871 /* KiflixCollectionView.swift */,
				FE2BD69527CDD34400A9FB73 /* KiflixCollectionCell.swift */,
				FE2BD69627CDD34400A9FB73 /* KiflixCollectionCell.xib */,
				FEBA011427CDDC5B00E74FCB /* KiflixModel.swift */,
			);
			path = "SecondItem-Kiflix";
			sourceTree = "<group>";
		};
		FE7FC0C727C48966009EB2AE /* SideMenuSubView */ = {
			isa = PBXGroup;
			children = (
				FE7FC0CA27C48EE0009EB2AE /* Section3 */,
				FE7FC0C927C48ED9009EB2AE /* Section2 */,
				FE7FC0C827C48ECC009EB2AE /* Section1 */,
			);
			path = SideMenuSubView;
			sourceTree = "<group>";
		};
		FE7FC0C827C48ECC009EB2AE /* Section1 */ = {
			isa = PBXGroup;
			children = (
				FE7FC0CB27C48F22009EB2AE /* TestView1-1.swift */,
				FE7FC0CC27C48F22009EB2AE /* TestView1-1.xib */,
				FE7FC0CF27C48F31009EB2AE /* TestView1-2.swift */,
				FE7FC0D027C48F31009EB2AE /* TestView1-2.xib */,
			);
			path = Section1;
			sourceTree = "<group>";
		};
		FE7FC0C927C48ED9009EB2AE /* Section2 */ = {
			isa = PBXGroup;
			children = (
				FE7FC0D327C48F3F009EB2AE /* TestView2-1.swift */,
				FE7FC0D427C48F3F009EB2AE /* TestView2-1.xib */,
			);
			path = Section2;
			sourceTree = "<group>";
		};
		FE7FC0CA27C48EE0009EB2AE /* Section3 */ = {
			isa = PBXGroup;
			children = (
				FE7FC0D727C48F4F009EB2AE /* TestView3-1.swift */,
				FE7FC0D827C48F4F009EB2AE /* TestView3-1.xib */,
			);
			path = Section3;
			sourceTree = "<group>";
		};
		FE7FC0DF27C4ACE3009EB2AE /* Header */ = {
			isa = PBXGroup;
			children = (
				FE078F2E27C3634B00D19E34 /* SideMenuHeaderView.swift */,
			);
			path = Header;
			sourceTree = "<group>";
		};
		FE84E4A127D082AF00B30F57 /* Player */ = {
			isa = PBXGroup;
			children = (
				FE57F23D27CF2ACF00B205F9 /* extension+AVPlayer.swift */,
				FE84E49527D0666600B30F57 /* KiflixPlayer.swift */,
				FE84E49727D06B5000B30F57 /* FullScreenPlayerVC.swift */,
				FE84E49F27D07F1C00B30F57 /* PlayerView.swift */,
				FE84E49827D06B5000B30F57 /* FullScreenPlayerVC.xib */,
				FE84E49B27D0718000B30F57 /* KiflixPlayerVC.swift */,
				FE84E49C27D0718000B30F57 /* KiflixPlayerVC.xib */,
			);
			path = Player;
			sourceTree = "<group>";
		};
		FE94DD5827B655190017D776 = {
			isa = PBXGroup;
			children = (
				FE94DD6327B655190017D776 /* kirkim_App */,
				FE94DD6227B655190017D776 /* Products */,
				2173D3EA1D3E7AFE07428FB0 /* Pods */,
				35A37BE357A93052ED238E1F /* Frameworks */,
			);
			sourceTree = "<group>";
		};
		FE94DD6227B655190017D776 /* Products */ = {
			isa = PBXGroup;
			children = (
				FE94DD6127B655190017D776 /* kirkim_App.app */,
			);
			name = Products;
			sourceTree = "<group>";
		};
		FE94DD6327B655190017D776 /* kirkim_App */ = {
			isa = PBXGroup;
			children = (
				FEF8848327BA5C670038F138 /* Login&SignUp */,
				FE74FEB427CDC3F900F40D5F /* TabBarMenu */,
				FE078F1227C341D100D19E34 /* SideMenu */,
				FE18A27F27C5BE6F00E56F39 /* BannerView */,
				FE078F1927C34C5000D19E34 /* CustomUI */,
				FE21132827BCA630003293B2 /* Http */,
				FE94DD6427B655190017D776 /* AppDelegate.swift */,
				FE94DD6627B655190017D776 /* SceneDelegate.swift */,
				FE94DD6A27B655190017D776 /* Main.storyboard */,
				FE74FEAE27CDBDDE00F40D5F /* MainTabBarController.swift */,
				FE94DD7027B655190017D776 /* Assets.xcassets */,
				FE94DD7227B655190017D776 /* LaunchScreen.storyboard */,
				FE94DD7527B655190017D776 /* Info.plist */,
				FE94DD6D27B655190017D776 /* kirkim_App.xcdatamodeld */,
			);
			path = kirkim_App;
			sourceTree = "<group>";
		};
		FEF8848327BA5C670038F138 /* Login&SignUp */ = {
			isa = PBXGroup;
			children = (
				FE47CACE27C0C8410077806D /* SignUp */,
				FE47CACD27C0C8110077806D /* Login */,
			);
			path = "Login&SignUp";
			sourceTree = "<group>";
		};
/* End PBXGroup section */

/* Begin PBXNativeTarget section */
		FE94DD6027B655190017D776 /* kirkim_App */ = {
			isa = PBXNativeTarget;
			buildConfigurationList = FE94DD7827B655190017D776 /* Build configuration list for PBXNativeTarget "kirkim_App" */;
			buildPhases = (
				DAEA94C5D921612012F143E0 /* [CP] Check Pods Manifest.lock */,
				FE94DD5D27B655190017D776 /* Sources */,
				FE94DD5E27B655190017D776 /* Frameworks */,
				FE94DD5F27B655190017D776 /* Resources */,
				491F8D12119E7848824376BA /* [CP] Embed Pods Frameworks */,
			);
			buildRules = (
			);
			dependencies = (
			);
			name = kirkim_App;
			productName = kirkim_App;
			productReference = FE94DD6127B655190017D776 /* kirkim_App.app */;
			productType = "com.apple.product-type.application";
		};
/* End PBXNativeTarget section */

/* Begin PBXProject section */
		FE94DD5927B655190017D776 /* Project object */ = {
			isa = PBXProject;
			attributes = {
				BuildIndependentTargetsInParallel = 1;
				LastSwiftUpdateCheck = 1310;
				LastUpgradeCheck = 1310;
				TargetAttributes = {
					FE94DD6027B655190017D776 = {
						CreatedOnToolsVersion = 13.1;
					};
				};
			};
			buildConfigurationList = FE94DD5C27B655190017D776 /* Build configuration list for PBXProject "kirkim_App" */;
			compatibilityVersion = "Xcode 13.0";
			developmentRegion = en;
			hasScannedForEncodings = 0;
			knownRegions = (
				en,
				Base,
			);
			mainGroup = FE94DD5827B655190017D776;
			productRefGroup = FE94DD6227B655190017D776 /* Products */;
			projectDirPath = "";
			projectRoot = "";
			targets = (
				FE94DD6027B655190017D776 /* kirkim_App */,
			);
		};
/* End PBXProject section */

/* Begin PBXResourcesBuildPhase section */
		FE94DD5F27B655190017D776 /* Resources */ = {
			isa = PBXResourcesBuildPhase;
			buildActionMask = 2147483647;
			files = (
				FE078F1D27C353A900D19E34 /* SideMenu.storyboard in Resources */,
				FE2BD69A27CDD53B00A9FB73 /* LoginPageVC.xib in Resources */,
				FE7FC0CE27C48F22009EB2AE /* TestView1-1.xib in Resources */,
				FE7FC0DA27C48F4F009EB2AE /* TestView3-1.xib in Resources */,
				FE57F23C27CF29C000B205F9 /* KiflixDetailVC.xib in Resources */,
				FE84E49A27D06B5000B30F57 /* FullScreenPlayerVC.xib in Resources */,
				FE94DD7427B655190017D776 /* LaunchScreen.storyboard in Resources */,
				FE74FEAD27CDBCA100F40D5F /* KiflixVC.xib in Resources */,
				FE7FC0D227C48F31009EB2AE /* TestView1-2.xib in Resources */,
				FE3CCB8727D1CB2B00D770F8 /* DescriptionView.xib in Resources */,
				FE94DD7127B655190017D776 /* Assets.xcassets in Resources */,
				FEBA011327CDD5D700E74FCB /* SignUpPageVC.xib in Resources */,
				FE84E49E27D0718000B30F57 /* KiflixPlayerVC.xib in Resources */,
				FE2BD69827CDD34400A9FB73 /* KiflixCollectionCell.xib in Resources */,
				FE2BD69227CDC9C400A9FB73 /* MainVC.xib in Resources */,
				FE94DD6C27B655190017D776 /* Main.storyboard in Resources */,
				FE7FC0D627C48F3F009EB2AE /* TestView2-1.xib in Resources */,
			);
			runOnlyForDeploymentPostprocessing = 0;
		};
/* End PBXResourcesBuildPhase section */

/* Begin PBXShellScriptBuildPhase section */
		491F8D12119E7848824376BA /* [CP] Embed Pods Frameworks */ = {
			isa = PBXShellScriptBuildPhase;
			buildActionMask = 2147483647;
			files = (
			);
			inputFileListPaths = (
				"${PODS_ROOT}/Target Support Files/Pods-kirkim_App/Pods-kirkim_App-frameworks-${CONFIGURATION}-input-files.xcfilelist",
			);
			name = "[CP] Embed Pods Frameworks";
			outputFileListPaths = (
				"${PODS_ROOT}/Target Support Files/Pods-kirkim_App/Pods-kirkim_App-frameworks-${CONFIGURATION}-output-files.xcfilelist",
			);
			runOnlyForDeploymentPostprocessing = 0;
			shellPath = /bin/sh;
			shellScript = "\"${PODS_ROOT}/Target Support Files/Pods-kirkim_App/Pods-kirkim_App-frameworks.sh\"\n";
			showEnvVarsInLog = 0;
		};
		DAEA94C5D921612012F143E0 /* [CP] Check Pods Manifest.lock */ = {
			isa = PBXShellScriptBuildPhase;
			buildActionMask = 2147483647;
			files = (
			);
			inputFileListPaths = (
			);
			inputPaths = (
				"${PODS_PODFILE_DIR_PATH}/Podfile.lock",
				"${PODS_ROOT}/Manifest.lock",
			);
			name = "[CP] Check Pods Manifest.lock";
			outputFileListPaths = (
			);
			outputPaths = (
				"$(DERIVED_FILE_DIR)/Pods-kirkim_App-checkManifestLockResult.txt",
			);
			runOnlyForDeploymentPostprocessing = 0;
			shellPath = /bin/sh;
			shellScript = "diff \"${PODS_PODFILE_DIR_PATH}/Podfile.lock\" \"${PODS_ROOT}/Manifest.lock\" > /dev/null\nif [ $? != 0 ] ; then\n    # print error to STDERR\n    echo \"error: The sandbox is not in sync with the Podfile.lock. Run 'pod install' or update your CocoaPods installation.\" >&2\n    exit 1\nfi\n# This output is used by Xcode 'outputs' to avoid re-running this script phase.\necho \"SUCCESS\" > \"${SCRIPT_OUTPUT_FILE_0}\"\n";
			showEnvVarsInLog = 0;
		};
/* End PBXShellScriptBuildPhase section */

/* Begin PBXSourcesBuildPhase section */
		FE94DD5D27B655190017D776 /* Sources */ = {
			isa = PBXSourcesBuildPhase;
			buildActionMask = 2147483647;
			files = (
				FE7FC0CD27C48F22009EB2AE /* TestView1-1.swift in Sources */,
				FE2BD69127CDC9C400A9FB73 /* MainVC.swift in Sources */,
				FE078F1B27C34C7E00D19E34 /* SimpleProfileView.swift in Sources */,
				FE74FEAF27CDBDDE00F40D5F /* MainTabBarController.swift in Sources */,
				FE18A28927C5DE9B00E56F39 /* BannerHttpManager.swift in Sources */,
				FE74FE9427CDA82D00F40D5F /* BaseVC.swift in Sources */,
				FE3EA96727BB8AC100DA36EA /* SimpleTextField.swift in Sources */,
				FE84E49927D06B5000B30F57 /* FullScreenPlayerVC.swift in Sources */,
				FE7FC0D527C48F3F009EB2AE /* TestView2-1.swift in Sources */,
				FE078F2F27C3634B00D19E34 /* SideMenuHeaderView.swift in Sources */,
				FE84E49627D0666600B30F57 /* KiflixPlayer.swift in Sources */,
				FE078F3727C3737200D19E34 /* SizeMaster.swift in Sources */,
				FE21133127BCD095003293B2 /* SignUpPageVC.swift in Sources */,
				FE57F23E27CF2ACF00B205F9 /* extension+AVPlayer.swift in Sources */,
				FE47CAD027C114210077806D /* UserHttpManager.swift in Sources */,
				FE21132A27BCA6AE003293B2 /* HttpClient.swift in Sources */,
				FE2FE4BC27CE086C004B8871 /* KiflixCollectionView.swift in Sources */,
				FE74FEAC27CDBCA100F40D5F /* KiflixVC.swift in Sources */,
				FE078F1F27C353B500D19E34 /* SideMenuVC.swift in Sources */,
				FEF8848727BA5C7E0038F138 /* LoginPageVC.swift in Sources */,
				FE18A28527C5C2D100E56F39 /* BannerView.swift in Sources */,
				FE3EA96527BB751800DA36EA /* TextAnimation.swift in Sources */,
				FE2BD69727CDD34400A9FB73 /* KiflixCollectionCell.swift in Sources */,
				FE18A28727C5CA4F00E56F39 /* BannerImageModel.swift in Sources */,
				FEBA011727CDE08300E74FCB /* KiflixHttpManager.swift in Sources */,
				FE47CACC27C0C5570077806D /* SignupUserModel.swift in Sources */,
				FE2067EF27BCFDC7005EBEB5 /* KeyboardAnimation.swift in Sources */,
				FE57F23B27CF29C000B205F9 /* KiflixDetailVC.swift in Sources */,
				FE84E49D27D0718000B30F57 /* KiflixPlayerVC.swift in Sources */,
				FE94DD6527B655190017D776 /* AppDelegate.swift in Sources */,
				FE7FC0D927C48F4F009EB2AE /* TestView3-1.swift in Sources */,
				FE94DD6F27B655190017D776 /* kirkim_App.xcdatamodeld in Sources */,
				FE7FC0C627C48581009EB2AE /* SideMenuModel.swift in Sources */,
				FE84E4A027D07F1C00B30F57 /* PlayerView.swift in Sources */,
				FE21132C27BCC0A2003293B2 /* LoginUserModel.swift in Sources */,
				FE94DD6727B655190017D776 /* SceneDelegate.swift in Sources */,
				FE7FC0D127C48F31009EB2AE /* TestView1-2.swift in Sources */,
				FEBA011527CDDC5B00E74FCB /* KiflixModel.swift in Sources */,
				FE7FC0E427C4AE90009EB2AE /* SideMenuCell.swift in Sources */,
				FE46F4F627D1AD6500DB31EE /* DescriptionView.swift in Sources */,
			);
			runOnlyForDeploymentPostprocessing = 0;
		};
/* End PBXSourcesBuildPhase section */

/* Begin PBXVariantGroup section */
		FE94DD6A27B655190017D776 /* Main.storyboard */ = {
			isa = PBXVariantGroup;
			children = (
				FE94DD6B27B655190017D776 /* Base */,
			);
			name = Main.storyboard;
			sourceTree = "<group>";
		};
		FE94DD7227B655190017D776 /* LaunchScreen.storyboard */ = {
			isa = PBXVariantGroup;
			children = (
				FE94DD7327B655190017D776 /* Base */,
			);
			name = LaunchScreen.storyboard;
			sourceTree = "<group>";
		};
/* End PBXVariantGroup section */

/* Begin XCBuildConfiguration section */
		FE94DD7627B655190017D776 /* Debug */ = {
			isa = XCBuildConfiguration;
			buildSettings = {
				ALWAYS_SEARCH_USER_PATHS = NO;
				CLANG_ANALYZER_NONNULL = YES;
				CLANG_ANALYZER_NUMBER_OBJECT_CONVERSION = YES_AGGRESSIVE;
				CLANG_CXX_LANGUAGE_STANDARD = "gnu++17";
				CLANG_CXX_LIBRARY = "libc++";
				CLANG_ENABLE_MODULES = YES;
				CLANG_ENABLE_OBJC_ARC = YES;
				CLANG_ENABLE_OBJC_WEAK = YES;
				CLANG_WARN_BLOCK_CAPTURE_AUTORELEASING = YES;
				CLANG_WARN_BOOL_CONVERSION = YES;
				CLANG_WARN_COMMA = YES;
				CLANG_WARN_CONSTANT_CONVERSION = YES;
				CLANG_WARN_DEPRECATED_OBJC_IMPLEMENTATIONS = YES;
				CLANG_WARN_DIRECT_OBJC_ISA_USAGE = YES_ERROR;
				CLANG_WARN_DOCUMENTATION_COMMENTS = YES;
				CLANG_WARN_EMPTY_BODY = YES;
				CLANG_WARN_ENUM_CONVERSION = YES;
				CLANG_WARN_INFINITE_RECURSION = YES;
				CLANG_WARN_INT_CONVERSION = YES;
				CLANG_WARN_NON_LITERAL_NULL_CONVERSION = YES;
				CLANG_WARN_OBJC_IMPLICIT_RETAIN_SELF = YES;
				CLANG_WARN_OBJC_LITERAL_CONVERSION = YES;
				CLANG_WARN_OBJC_ROOT_CLASS = YES_ERROR;
				CLANG_WARN_QUOTED_INCLUDE_IN_FRAMEWORK_HEADER = YES;
				CLANG_WARN_RANGE_LOOP_ANALYSIS = YES;
				CLANG_WARN_STRICT_PROTOTYPES = YES;
				CLANG_WARN_SUSPICIOUS_MOVE = YES;
				CLANG_WARN_UNGUARDED_AVAILABILITY = YES_AGGRESSIVE;
				CLANG_WARN_UNREACHABLE_CODE = YES;
				CLANG_WARN__DUPLICATE_METHOD_MATCH = YES;
				COPY_PHASE_STRIP = NO;
				DEBUG_INFORMATION_FORMAT = dwarf;
				ENABLE_STRICT_OBJC_MSGSEND = YES;
				ENABLE_TESTABILITY = YES;
				GCC_C_LANGUAGE_STANDARD = gnu11;
				GCC_DYNAMIC_NO_PIC = NO;
				GCC_NO_COMMON_BLOCKS = YES;
				GCC_OPTIMIZATION_LEVEL = 0;
				GCC_PREPROCESSOR_DEFINITIONS = (
					"DEBUG=1",
					"$(inherited)",
				);
				GCC_WARN_64_TO_32_BIT_CONVERSION = YES;
				GCC_WARN_ABOUT_RETURN_TYPE = YES_ERROR;
				GCC_WARN_UNDECLARED_SELECTOR = YES;
				GCC_WARN_UNINITIALIZED_AUTOS = YES_AGGRESSIVE;
				GCC_WARN_UNUSED_FUNCTION = YES;
				GCC_WARN_UNUSED_VARIABLE = YES;
				IPHONEOS_DEPLOYMENT_TARGET = 15.0;
				MTL_ENABLE_DEBUG_INFO = INCLUDE_SOURCE;
				MTL_FAST_MATH = YES;
				ONLY_ACTIVE_ARCH = YES;
				SDKROOT = iphoneos;
				SWIFT_ACTIVE_COMPILATION_CONDITIONS = DEBUG;
				SWIFT_OPTIMIZATION_LEVEL = "-Onone";
			};
			name = Debug;
		};
		FE94DD7727B655190017D776 /* Release */ = {
			isa = XCBuildConfiguration;
			buildSettings = {
				ALWAYS_SEARCH_USER_PATHS = NO;
				CLANG_ANALYZER_NONNULL = YES;
				CLANG_ANALYZER_NUMBER_OBJECT_CONVERSION = YES_AGGRESSIVE;
				CLANG_CXX_LANGUAGE_STANDARD = "gnu++17";
				CLANG_CXX_LIBRARY = "libc++";
				CLANG_ENABLE_MODULES = YES;
				CLANG_ENABLE_OBJC_ARC = YES;
				CLANG_ENABLE_OBJC_WEAK = YES;
				CLANG_WARN_BLOCK_CAPTURE_AUTORELEASING = YES;
				CLANG_WARN_BOOL_CONVERSION = YES;
				CLANG_WARN_COMMA = YES;
				CLANG_WARN_CONSTANT_CONVERSION = YES;
				CLANG_WARN_DEPRECATED_OBJC_IMPLEMENTATIONS = YES;
				CLANG_WARN_DIRECT_OBJC_ISA_USAGE = YES_ERROR;
				CLANG_WARN_DOCUMENTATION_COMMENTS = YES;
				CLANG_WARN_EMPTY_BODY = YES;
				CLANG_WARN_ENUM_CONVERSION = YES;
				CLANG_WARN_INFINITE_RECURSION = YES;
				CLANG_WARN_INT_CONVERSION = YES;
				CLANG_WARN_NON_LITERAL_NULL_CONVERSION = YES;
				CLANG_WARN_OBJC_IMPLICIT_RETAIN_SELF = YES;
				CLANG_WARN_OBJC_LITERAL_CONVERSION = YES;
				CLANG_WARN_OBJC_ROOT_CLASS = YES_ERROR;
				CLANG_WARN_QUOTED_INCLUDE_IN_FRAMEWORK_HEADER = YES;
				CLANG_WARN_RANGE_LOOP_ANALYSIS = YES;
				CLANG_WARN_STRICT_PROTOTYPES = YES;
				CLANG_WARN_SUSPICIOUS_MOVE = YES;
				CLANG_WARN_UNGUARDED_AVAILABILITY = YES_AGGRESSIVE;
				CLANG_WARN_UNREACHABLE_CODE = YES;
				CLANG_WARN__DUPLICATE_METHOD_MATCH = YES;
				COPY_PHASE_STRIP = NO;
				DEBUG_INFORMATION_FORMAT = "dwarf-with-dsym";
				ENABLE_NS_ASSERTIONS = NO;
				ENABLE_STRICT_OBJC_MSGSEND = YES;
				GCC_C_LANGUAGE_STANDARD = gnu11;
				GCC_NO_COMMON_BLOCKS = YES;
				GCC_WARN_64_TO_32_BIT_CONVERSION = YES;
				GCC_WARN_ABOUT_RETURN_TYPE = YES_ERROR;
				GCC_WARN_UNDECLARED_SELECTOR = YES;
				GCC_WARN_UNINITIALIZED_AUTOS = YES_AGGRESSIVE;
				GCC_WARN_UNUSED_FUNCTION = YES;
				GCC_WARN_UNUSED_VARIABLE = YES;
				IPHONEOS_DEPLOYMENT_TARGET = 15.0;
				MTL_ENABLE_DEBUG_INFO = NO;
				MTL_FAST_MATH = YES;
				SDKROOT = iphoneos;
				SWIFT_COMPILATION_MODE = wholemodule;
				SWIFT_OPTIMIZATION_LEVEL = "-O";
				VALIDATE_PRODUCT = YES;
			};
			name = Release;
		};
		FE94DD7927B655190017D776 /* Debug */ = {
			isa = XCBuildConfiguration;
			baseConfigurationReference = 831839DF6FBFB73F7066EF59 /* Pods-kirkim_App.debug.xcconfig */;
			buildSettings = {
				ASSETCATALOG_COMPILER_APPICON_NAME = AppIcon;
				ASSETCATALOG_COMPILER_GLOBAL_ACCENT_COLOR_NAME = AccentColor;
				CODE_SIGN_STYLE = Automatic;
				CURRENT_PROJECT_VERSION = 1;
				DEVELOPMENT_TEAM = CNGL9PR533;
				GENERATE_INFOPLIST_FILE = YES;
				INFOPLIST_FILE = kirkim_App/Info.plist;
				INFOPLIST_KEY_UIApplicationSupportsIndirectInputEvents = YES;
				INFOPLIST_KEY_UILaunchStoryboardName = LaunchScreen;
				INFOPLIST_KEY_UIMainStoryboardFile = Main;
				INFOPLIST_KEY_UISupportedInterfaceOrientations = UIInterfaceOrientationPortrait;
				INFOPLIST_KEY_UISupportedInterfaceOrientations_iPad = "UIInterfaceOrientationPortrait UIInterfaceOrientationPortraitUpsideDown UIInterfaceOrientationLandscapeLeft UIInterfaceOrientationLandscapeRight";
				INFOPLIST_KEY_UISupportedInterfaceOrientations_iPhone = "UIInterfaceOrientationPortrait UIInterfaceOrientationLandscapeLeft UIInterfaceOrientationLandscapeRight";
				LD_RUNPATH_SEARCH_PATHS = (
					"$(inherited)",
					"@executable_path/Frameworks",
				);
				MARKETING_VERSION = 1.0;
				PRODUCT_BUNDLE_IDENTIFIER = "com.kirkim.kirkim-App";
				PRODUCT_NAME = "$(TARGET_NAME)";
				SWIFT_EMIT_LOC_STRINGS = YES;
				SWIFT_VERSION = 5.0;
				TARGETED_DEVICE_FAMILY = 1;
			};
			name = Debug;
		};
		FE94DD7A27B655190017D776 /* Release */ = {
			isa = XCBuildConfiguration;
			baseConfigurationReference = 51943665D1D5FF902C4A3F92 /* Pods-kirkim_App.release.xcconfig */;
			buildSettings = {
				ASSETCATALOG_COMPILER_APPICON_NAME = AppIcon;
				ASSETCATALOG_COMPILER_GLOBAL_ACCENT_COLOR_NAME = AccentColor;
				CODE_SIGN_STYLE = Automatic;
				CURRENT_PROJECT_VERSION = 1;
				DEVELOPMENT_TEAM = CNGL9PR533;
				GENERATE_INFOPLIST_FILE = YES;
				INFOPLIST_FILE = kirkim_App/Info.plist;
				INFOPLIST_KEY_UIApplicationSupportsIndirectInputEvents = YES;
				INFOPLIST_KEY_UILaunchStoryboardName = LaunchScreen;
				INFOPLIST_KEY_UIMainStoryboardFile = Main;
				INFOPLIST_KEY_UISupportedInterfaceOrientations = UIInterfaceOrientationPortrait;
				INFOPLIST_KEY_UISupportedInterfaceOrientations_iPad = "UIInterfaceOrientationPortrait UIInterfaceOrientationPortraitUpsideDown UIInterfaceOrientationLandscapeLeft UIInterfaceOrientationLandscapeRight";
				INFOPLIST_KEY_UISupportedInterfaceOrientations_iPhone = "UIInterfaceOrientationPortrait UIInterfaceOrientationLandscapeLeft UIInterfaceOrientationLandscapeRight";
				LD_RUNPATH_SEARCH_PATHS = (
					"$(inherited)",
					"@executable_path/Frameworks",
				);
				MARKETING_VERSION = 1.0;
				PRODUCT_BUNDLE_IDENTIFIER = "com.kirkim.kirkim-App";
				PRODUCT_NAME = "$(TARGET_NAME)";
				SWIFT_EMIT_LOC_STRINGS = YES;
				SWIFT_VERSION = 5.0;
				TARGETED_DEVICE_FAMILY = 1;
			};
			name = Release;
		};
/* End XCBuildConfiguration section */

/* Begin XCConfigurationList section */
		FE94DD5C27B655190017D776 /* Build configuration list for PBXProject "kirkim_App" */ = {
			isa = XCConfigurationList;
			buildConfigurations = (
				FE94DD7627B655190017D776 /* Debug */,
				FE94DD7727B655190017D776 /* Release */,
			);
			defaultConfigurationIsVisible = 0;
			defaultConfigurationName = Release;
		};
		FE94DD7827B655190017D776 /* Build configuration list for PBXNativeTarget "kirkim_App" */ = {
			isa = XCConfigurationList;
			buildConfigurations = (
				FE94DD7927B655190017D776 /* Debug */,
				FE94DD7A27B655190017D776 /* Release */,
			);
			defaultConfigurationIsVisible = 0;
			defaultConfigurationName = Release;
		};
/* End XCConfigurationList section */

/* Begin XCVersionGroup section */
		FE94DD6D27B655190017D776 /* kirkim_App.xcdatamodeld */ = {
			isa = XCVersionGroup;
			children = (
				FE94DD6E27B655190017D776 /* kirkim_App.xcdatamodel */,
			);
			currentVersion = FE94DD6E27B655190017D776 /* kirkim_App.xcdatamodel */;
			path = kirkim_App.xcdatamodeld;
			sourceTree = "<group>";
			versionGroupType = wrapper.xcdatamodel;
		};
/* End XCVersionGroup section */
	};
	rootObject = FE94DD5927B655190017D776 /* Project object */;
}
