{
  "pins" : [
    {
      "identity" : "reusable",
      "kind" : "remoteSourceControl",
      "location" : "https://github.com/AliSoftware/Reusable",
      "state" : {
        "branch" : "main",
        "revision" : "85e8ef7b2441433ffed2fc8cf4942961b70a83f6"
      }
    },
    {
      "identity" : "rxdatasources",
      "kind" : "remoteSourceControl",
      "location" : "https://github.com/RxSwiftCommunity/RxDataSources",
      "state" : {
        "branch" : "main",
        "revision" : "bbfea3869f5492580563c676acda729c64fa489e"
      }
    },
    {
      "identity" : "rxgesture",
      "kind" : "remoteSourceControl",
      "location" : "https://github.com/RxSwiftCommunity/RxGesture",
      "state" : {
        "branch" : "main",
        "revision" : "e9f94dfd39efe5b2914ac9463d4193b9e340779c"
      }
    },
    {
      "identity" : "rxswift",
      "kind" : "remoteSourceControl",
      "location" : "https://github.com/ReactiveX/RxSwift",
      "state" : {
        "branch" : "main",
        "revision" : "7741a11cb4252c379c8e034508cb1b92b8b40427"
      }
    },
    {
      "identity" : "snapkit",
      "kind" : "remoteSourceControl",
      "location" : "https://github.com/SnapKit/SnapKit",
      "state" : {
        "branch" : "develop",
        "revision" : "07c5d1f6044701d97e94dc11157259e8811977be"
      }
    }
  ],
  "version" : 2
}
